
Microsoft Visual Studio Solution File, Format Version 12.00
# Visual Studio Version 16
VisualStudioVersion = 16.0.28922.388
MinimumVisualStudioVersion = 10.0.40219.1
Project("{FAE04EC0-301F-11D3-BF4B-00C04F79EFBC}") = "WpfGitDemoKesa19", "WpfGitDemoKesa19\WpfGitDemoKesa19.csproj", "{B67123C6-15FF-4DED-B4BA-EAD3B2BAF89E}"
EndProject
Global
	GlobalSection(SolutionConfigurationPlatforms) = preSolution
		Debug|Any CPU = Debug|Any CPU
		Release|Any CPU = Release|Any CPU
	EndGlobalSection
	GlobalSection(ProjectConfigurationPlatforms) = postSolution
		{B67123C6-15FF-4DED-B4BA-EAD3B2BAF89E}.Debug|Any CPU.ActiveCfg = Debug|Any CPU
		{B67123C6-15FF-4DED-B4BA-EAD3B2BAF89E}.Debug|Any CPU.Build.0 = Debug|Any CPU
		{B67123C6-15FF-4DED-B4BA-EAD3B2BAF89E}.Release|Any CPU.ActiveCfg = Release|Any CPU
		{B67123C6-15FF-4DED-B4BA-EAD3B2BAF89E}.Release|Any CPU.Build.0 = Release|Any CPU
	EndGlobalSection
	GlobalSection(SolutionProperties) = preSolution
		HideSolutionNode = FALSE
	EndGlobalSection
	GlobalSection(ExtensibilityGlobals) = postSolution
		SolutionGuid = {702C3833-E983-4747-AF10-0FA717C9C096}
	EndGlobalSection
EndGlobal
